
Microsoft Visual Studio Solution File, Format Version 12.00
# Visual Studio Version 16
VisualStudioVersion = 16.0.29505.145
MinimumVisualStudioVersion = 10.0.40219.1
Project("{FAE04EC0-301F-11D3-BF4B-00C04F79EFBC}") = "BenchmarKing", "BenchmarKing\BenchmarKing.csproj", "{C030A07A-512E-49CC-B68F-475BCD5476CB}"
EndProject
Global
	GlobalSection(SolutionConfigurationPlatforms) = preSolution
		Debug|Any CPU = Debug|Any CPU
		Release|Any CPU = Release|Any CPU
	EndGlobalSection
	GlobalSection(ProjectConfigurationPlatforms) = postSolution
		{C030A07A-512E-49CC-B68F-475BCD5476CB}.Debug|Any CPU.ActiveCfg = Debug|Any CPU
		{C030A07A-512E-49CC-B68F-475BCD5476CB}.Debug|Any CPU.Build.0 = Debug|Any CPU
		{C030A07A-512E-49CC-B68F-475BCD5476CB}.Release|Any CPU.ActiveCfg = Release|Any CPU
		{C030A07A-512E-49CC-B68F-475BCD5476CB}.Release|Any CPU.Build.0 = Release|Any CPU
	EndGlobalSection
	GlobalSection(SolutionProperties) = preSolution
		HideSolutionNode = FALSE
	EndGlobalSection
	GlobalSection(ExtensibilityGlobals) = postSolution
		SolutionGuid = {6028601F-D14B-4358-A977-5D6CAE6CA287}
	EndGlobalSection
EndGlobal
